github.com/masthead-data/masthead-client-go v0.1.0 h1:RQgWWMRw7Qs+fR4rgwcdikzsDCtyM8kN2H85wTZuBMw=
github.com/masthead-data/masthead-client-go v0.1.0/go.mod h1:030QFytbfs4NiY9VBUAwyRbCsv0O2MTw1auHbQUWdvg=
github.com/masthead-data/masthead-client-go v0.1.2 h1:0yAcakC3kNrWCxwa/cKOidsL9+kfEz91TxyRaATe3Vw=
github.com/masthead-data/masthead-client-go v0.1.2/go.mod h1:030QFytbfs4NiY9VBUAwyRbCsv0O2MTw1auHbQUWdvg=
github.com/masthead-data/masthead-client-go v0.1.21 h1:9zikdHzEgZIqKbj4BtbhqRV5wzMzbJgxBfYKYdks8aE=
github.com/masthead-data/masthead-client-go v0.1.21/go.mod h1:030QFytbfs4NiY9VBUAwyRbCsv0O2MTw1auHbQUWdvg=
